
Microsoft Visual Studio Solution File, Format Version 12.00
# Visual Studio Version 17
VisualStudioVersion = 17.10.35013.160
MinimumVisualStudioVersion = 10.0.40219.1
Project("{FAE04EC0-301F-11D3-BF4B-00C04F79EFBC}") = "WinFormsUI", "TaskManagementRepository\WinFormsUI.csproj", "{8447B19B-B610-4AAD-818D-92C2493BE5A8}"
EndProject
Project("{FAE04EC0-301F-11D3-BF4B-00C04F79EFBC}") = "Commons", "Commons\Commons.csproj", "{C185141C-CCCB-48DD-AC1B-DCF299C9AD9E}"
EndProject
Project("{FAE04EC0-301F-11D3-BF4B-00C04F79EFBC}") = "API Service", "API Service\API Service.csproj", "{21D8DA3D-9C20-4BE4-9CE6-F3EAD418F4E6}"
EndProject
Project("{FAE04EC0-301F-11D3-BF4B-00C04F79EFBC}") = "Unit Testing", "Unit Testing\Unit Testing.csproj", "{766B201E-3C57-40D0-8E31-26DB7934E487}"
EndProject
Global
	GlobalSection(SolutionConfigurationPlatforms) = preSolution
		Debug|Any CPU = Debug|Any CPU
		Debug|ARM = Debug|ARM
		Debug|ARM64 = Debug|ARM64
		Debug|x64 = Debug|x64
		Debug|x86 = Debug|x86
		Release|Any CPU = Release|Any CPU
		Release|ARM = Release|ARM
		Release|ARM64 = Release|ARM64
		Release|x64 = Release|x64
		Release|x86 = Release|x86
	EndGlobalSection
	GlobalSection(ProjectConfigurationPlatforms) = postSolution
		{8447B19B-B610-4AAD-818D-92C2493BE5A8}.Debug|Any CPU.ActiveCfg = Debug|Any CPU
		{8447B19B-B610-4AAD-818D-92C2493BE5A8}.Debug|Any CPU.Build.0 = Debug|Any CPU
		{8447B19B-B610-4AAD-818D-92C2493BE5A8}.Debug|ARM.ActiveCfg = Debug|Any CPU
		{8447B19B-B610-4AAD-818D-92C2493BE5A8}.Debug|ARM.Build.0 = Debug|Any CPU
		{8447B19B-B610-4AAD-818D-92C2493BE5A8}.Debug|ARM64.ActiveCfg = Debug|Any CPU
		{8447B19B-B610-4AAD-818D-92C2493BE5A8}.Debug|ARM64.Build.0 = Debug|Any CPU
		{8447B19B-B610-4AAD-818D-92C2493BE5A8}.Debug|x64.ActiveCfg = Debug|Any CPU
		{8447B19B-B610-4AAD-818D-92C2493BE5A8}.Debug|x64.Build.0 = Debug|Any CPU
		{8447B19B-B610-4AAD-818D-92C2493BE5A8}.Debug|x86.ActiveCfg = Debug|Any CPU
		{8447B19B-B610-4AAD-818D-92C2493BE5A8}.Debug|x86.Build.0 = Debug|Any CPU
		{8447B19B-B610-4AAD-818D-92C2493BE5A8}.Release|Any CPU.ActiveCfg = Release|Any CPU
		{8447B19B-B610-4AAD-818D-92C2493BE5A8}.Release|Any CPU.Build.0 = Release|Any CPU
		{8447B19B-B610-4AAD-818D-92C2493BE5A8}.Release|ARM.ActiveCfg = Release|Any CPU
		{8447B19B-B610-4AAD-818D-92C2493BE5A8}.Release|ARM.Build.0 = Release|Any CPU
		{8447B19B-B610-4AAD-818D-92C2493BE5A8}.Release|ARM64.ActiveCfg = Release|Any CPU
		{8447B19B-B610-4AAD-818D-92C2493BE5A8}.Release|ARM64.Build.0 = Release|Any CPU
		{8447B19B-B610-4AAD-818D-92C2493BE5A8}.Release|x64.ActiveCfg = Release|Any CPU
		{8447B19B-B610-4AAD-818D-92C2493BE5A8}.Release|x64.Build.0 = Release|Any CPU
		{8447B19B-B610-4AAD-818D-92C2493BE5A8}.Release|x86.ActiveCfg = Release|Any CPU
		{8447B19B-B610-4AAD-818D-92C2493BE5A8}.Release|x86.Build.0 = Release|Any CPU
		{C185141C-CCCB-48DD-AC1B-DCF299C9AD9E}.Debug|Any CPU.ActiveCfg = Debug|Any CPU
		{C185141C-CCCB-48DD-AC1B-DCF299C9AD9E}.Debug|Any CPU.Build.0 = Debug|Any CPU
		{C185141C-CCCB-48DD-AC1B-DCF299C9AD9E}.Debug|ARM.ActiveCfg = Debug|Any CPU
		{C185141C-CCCB-48DD-AC1B-DCF299C9AD9E}.Debug|ARM.Build.0 = Debug|Any CPU
		{C185141C-CCCB-48DD-AC1B-DCF299C9AD9E}.Debug|ARM64.ActiveCfg = Debug|Any CPU
		{C185141C-CCCB-48DD-AC1B-DCF299C9AD9E}.Debug|ARM64.Build.0 = Debug|Any CPU
		{C185141C-CCCB-48DD-AC1B-DCF299C9AD9E}.Debug|x64.ActiveCfg = Debug|Any CPU
		{C185141C-CCCB-48DD-AC1B-DCF299C9AD9E}.Debug|x64.Build.0 = Debug|Any CPU
		{C185141C-CCCB-48DD-AC1B-DCF299C9AD9E}.Debug|x86.ActiveCfg = Debug|Any CPU
		{C185141C-CCCB-48DD-AC1B-DCF299C9AD9E}.Debug|x86.Build.0 = Debug|Any CPU
		{C185141C-CCCB-48DD-AC1B-DCF299C9AD9E}.Release|Any CPU.ActiveCfg = Release|Any CPU
		{C185141C-CCCB-48DD-AC1B-DCF299C9AD9E}.Release|Any CPU.Build.0 = Release|Any CPU
		{C185141C-CCCB-48DD-AC1B-DCF299C9AD9E}.Release|ARM.ActiveCfg = Release|Any CPU
		{C185141C-CCCB-48DD-AC1B-DCF299C9AD9E}.Release|ARM.Build.0 = Release|Any CPU
		{C185141C-CCCB-48DD-AC1B-DCF299C9AD9E}.Release|ARM64.ActiveCfg = Release|Any CPU
		{C185141C-CCCB-48DD-AC1B-DCF299C9AD9E}.Release|ARM64.Build.0 = Release|Any CPU
		{C185141C-CCCB-48DD-AC1B-DCF299C9AD9E}.Release|x64.ActiveCfg = Release|Any CPU
		{C185141C-CCCB-48DD-AC1B-DCF299C9AD9E}.Release|x64.Build.0 = Release|Any CPU
		{C185141C-CCCB-48DD-AC1B-DCF299C9AD9E}.Release|x86.ActiveCfg = Release|Any CPU
		{C185141C-CCCB-48DD-AC1B-DCF299C9AD9E}.Release|x86.Build.0 = Release|Any CPU
		{21D8DA3D-9C20-4BE4-9CE6-F3EAD418F4E6}.Debug|Any CPU.ActiveCfg = Debug|Any CPU
		{21D8DA3D-9C20-4BE4-9CE6-F3EAD418F4E6}.Debug|Any CPU.Build.0 = Debug|Any CPU
		{21D8DA3D-9C20-4BE4-9CE6-F3EAD418F4E6}.Debug|ARM.ActiveCfg = Debug|Any CPU
		{21D8DA3D-9C20-4BE4-9CE6-F3EAD418F4E6}.Debug|ARM.Build.0 = Debug|Any CPU
		{21D8DA3D-9C20-4BE4-9CE6-F3EAD418F4E6}.Debug|ARM64.ActiveCfg = Debug|Any CPU
		{21D8DA3D-9C20-4BE4-9CE6-F3EAD418F4E6}.Debug|ARM64.Build.0 = Debug|Any CPU
		{21D8DA3D-9C20-4BE4-9CE6-F3EAD418F4E6}.Debug|x64.ActiveCfg = Debug|Any CPU
		{21D8DA3D-9C20-4BE4-9CE6-F3EAD418F4E6}.Debug|x64.Build.0 = Debug|Any CPU
		{21D8DA3D-9C20-4BE4-9CE6-F3EAD418F4E6}.Debug|x86.ActiveCfg = Debug|Any CPU
		{21D8DA3D-9C20-4BE4-9CE6-F3EAD418F4E6}.Debug|x86.Build.0 = Debug|Any CPU
		{21D8DA3D-9C20-4BE4-9CE6-F3EAD418F4E6}.Release|Any CPU.ActiveCfg = Release|Any CPU
		{21D8DA3D-9C20-4BE4-9CE6-F3EAD418F4E6}.Release|Any CPU.Build.0 = Release|Any CPU
		{21D8DA3D-9C20-4BE4-9CE6-F3EAD418F4E6}.Release|ARM.ActiveCfg = Release|Any CPU
		{21D8DA3D-9C20-4BE4-9CE6-F3EAD418F4E6}.Release|ARM.Build.0 = Release|Any CPU
		{21D8DA3D-9C20-4BE4-9CE6-F3EAD418F4E6}.Release|ARM64.ActiveCfg = Release|Any CPU
		{21D8DA3D-9C20-4BE4-9CE6-F3EAD418F4E6}.Release|ARM64.Build.0 = Release|Any CPU
		{21D8DA3D-9C20-4BE4-9CE6-F3EAD418F4E6}.Release|x64.ActiveCfg = Release|Any CPU
		{21D8DA3D-9C20-4BE4-9CE6-F3EAD418F4E6}.Release|x64.Build.0 = Release|Any CPU
		{21D8DA3D-9C20-4BE4-9CE6-F3EAD418F4E6}.Release|x86.ActiveCfg = Release|Any CPU
		{21D8DA3D-9C20-4BE4-9CE6-F3EAD418F4E6}.Release|x86.Build.0 = Release|Any CPU
		{766B201E-3C57-40D0-8E31-26DB7934E487}.Debug|Any CPU.ActiveCfg = Debug|x64
		{766B201E-3C57-40D0-8E31-26DB7934E487}.Debug|Any CPU.Build.0 = Debug|x64
		{766B201E-3C57-40D0-8E31-26DB7934E487}.Debug|Any CPU.Deploy.0 = Debug|x64
		{766B201E-3C57-40D0-8E31-26DB7934E487}.Debug|ARM.ActiveCfg = Debug|ARM
		{766B201E-3C57-40D0-8E31-26DB7934E487}.Debug|ARM.Build.0 = Debug|ARM
		{766B201E-3C57-40D0-8E31-26DB7934E487}.Debug|ARM.Deploy.0 = Debug|ARM
		{766B201E-3C57-40D0-8E31-26DB7934E487}.Debug|ARM64.ActiveCfg = Debug|ARM64
		{766B201E-3C57-40D0-8E31-26DB7934E487}.Debug|ARM64.Build.0 = Debug|ARM64
		{766B201E-3C57-40D0-8E31-26DB7934E487}.Debug|ARM64.Deploy.0 = Debug|ARM64
		{766B201E-3C57-40D0-8E31-26DB7934E487}.Debug|x64.ActiveCfg = Debug|x64
		{766B201E-3C57-40D0-8E31-26DB7934E487}.Debug|x64.Build.0 = Debug|x64
		{766B201E-3C57-40D0-8E31-26DB7934E487}.Debug|x64.Deploy.0 = Debug|x64
		{766B201E-3C57-40D0-8E31-26DB7934E487}.Debug|x86.ActiveCfg = Debug|x86
		{766B201E-3C57-40D0-8E31-26DB7934E487}.Debug|x86.Build.0 = Debug|x86
		{766B201E-3C57-40D0-8E31-26DB7934E487}.Debug|x86.Deploy.0 = Debug|x86
		{766B201E-3C57-40D0-8E31-26DB7934E487}.Release|Any CPU.ActiveCfg = Release|x64
		{766B201E-3C57-40D0-8E31-26DB7934E487}.Release|Any CPU.Build.0 = Release|x64
		{766B201E-3C57-40D0-8E31-26DB7934E487}.Release|Any CPU.Deploy.0 = Release|x64
		{766B201E-3C57-40D0-8E31-26DB7934E487}.Release|ARM.ActiveCfg = Release|ARM
		{766B201E-3C57-40D0-8E31-26DB7934E487}.Release|ARM.Build.0 = Release|ARM
		{766B201E-3C57-40D0-8E31-26DB7934E487}.Release|ARM.Deploy.0 = Release|ARM
		{766B201E-3C57-40D0-8E31-26DB7934E487}.Release|ARM64.ActiveCfg = Release|ARM64
		{766B201E-3C57-40D0-8E31-26DB7934E487}.Release|ARM64.Build.0 = Release|ARM64
		{766B201E-3C57-40D0-8E31-26DB7934E487}.Release|ARM64.Deploy.0 = Release|ARM64
		{766B201E-3C57-40D0-8E31-26DB7934E487}.Release|x64.ActiveCfg = Release|x64
		{766B201E-3C57-40D0-8E31-26DB7934E487}.Release|x64.Build.0 = Release|x64
		{766B201E-3C57-40D0-8E31-26DB7934E487}.Release|x64.Deploy.0 = Release|x64
		{766B201E-3C57-40D0-8E31-26DB7934E487}.Release|x86.ActiveCfg = Release|x86
		{766B201E-3C57-40D0-8E31-26DB7934E487}.Release|x86.Build.0 = Release|x86
		{766B201E-3C57-40D0-8E31-26DB7934E487}.Release|x86.Deploy.0 = Release|x86
	EndGlobalSection
	GlobalSection(SolutionProperties) = preSolution
		HideSolutionNode = FALSE
	EndGlobalSection
	GlobalSection(ExtensibilityGlobals) = postSolution
		SolutionGuid = {CCC516BE-5321-4F92-902E-5BECBFF03FCE}
	EndGlobalSection
EndGlobal
